
Microsoft Visual Studio Solution File, Format Version 12.00
# Visual Studio Version 17
VisualStudioVersion = 17.1.32210.238
MinimumVisualStudioVersion = 10.0.40219.1
Project("{FAE04EC0-301F-11D3-BF4B-00C04F79EFBC}") = "ShoppingListApi", "ShoppingListApi\ShoppingListApi.csproj", "{24E6494F-205D-4C65-906E-508FEA8B225D}"
EndProject
Global
	GlobalSection(SolutionConfigurationPlatforms) = preSolution
		Debug|Any CPU = Debug|Any CPU
		Release|Any CPU = Release|Any CPU
	EndGlobalSection
	GlobalSection(ProjectConfigurationPlatforms) = postSolution
		{24E6494F-205D-4C65-906E-508FEA8B225D}.Debug|Any CPU.ActiveCfg = Debug|Any CPU
		{24E6494F-205D-4C65-906E-508FEA8B225D}.Debug|Any CPU.Build.0 = Debug|Any CPU
		{24E6494F-205D-4C65-906E-508FEA8B225D}.Release|Any CPU.ActiveCfg = Release|Any CPU
		{24E6494F-205D-4C65-906E-508FEA8B225D}.Release|Any CPU.Build.0 = Release|Any CPU
	EndGlobalSection
	GlobalSection(SolutionProperties) = preSolution
		HideSolutionNode = FALSE
	EndGlobalSection
	GlobalSection(ExtensibilityGlobals) = postSolution
		SolutionGuid = {6C555039-DB68-4969-8CCE-1F6D429BD66B}
	EndGlobalSection
EndGlobal
